
Microsoft Visual Studio Solution File, Format Version 12.00
Project("{FAE04EC0-301F-11D3-BF4B-00C04F79EFBC}") = "AnyBase.Net", "AnyBase.Net\AnyBase.Net.csproj", "{D3483C52-F157-47B7-9D26-F51042E34A43}"
EndProject
Project("{FAE04EC0-301F-11D3-BF4B-00C04F79EFBC}") = "AnyBase.Net.Test", "AnyBase.Net.Test\AnyBase.Net.Test.csproj", "{3D5335D1-A488-4DE6-AE0F-9031ED705755}"
EndProject
Project("{2150E333-8FDC-42A3-9474-1A3956D46DE8}") = "Git", "Git", "{37DCCA52-544B-40AA-82B8-C416EE771D46}"
	ProjectSection(SolutionItems) = preProject
		..\README.md = ..\README.md
	EndProjectSection
EndProject
Global
	GlobalSection(SolutionConfigurationPlatforms) = preSolution
		Debug|Any CPU = Debug|Any CPU
		Release|Any CPU = Release|Any CPU
	EndGlobalSection
	GlobalSection(ProjectConfigurationPlatforms) = postSolution
		{D3483C52-F157-47B7-9D26-F51042E34A43}.Debug|Any CPU.ActiveCfg = Debug|Any CPU
		{D3483C52-F157-47B7-9D26-F51042E34A43}.Debug|Any CPU.Build.0 = Debug|Any CPU
		{D3483C52-F157-47B7-9D26-F51042E34A43}.Release|Any CPU.ActiveCfg = Release|Any CPU
		{D3483C52-F157-47B7-9D26-F51042E34A43}.Release|Any CPU.Build.0 = Release|Any CPU
		{3D5335D1-A488-4DE6-AE0F-9031ED705755}.Debug|Any CPU.ActiveCfg = Debug|Any CPU
		{3D5335D1-A488-4DE6-AE0F-9031ED705755}.Debug|Any CPU.Build.0 = Debug|Any CPU
		{3D5335D1-A488-4DE6-AE0F-9031ED705755}.Release|Any CPU.ActiveCfg = Release|Any CPU
		{3D5335D1-A488-4DE6-AE0F-9031ED705755}.Release|Any CPU.Build.0 = Release|Any CPU
	EndGlobalSection
EndGlobal
